// !$*UTF8*$!
{
	archiveVersion = 1;
	classes = {
	};
	objectVersion = 50;
	objects = {

/* Begin PBXBuildFile section */
		C5092240235CE3D4002C9B1D /* AppDelegate.swift in Sources */ = {isa = PBXBuildFile; fileRef = C509223F235CE3D4002C9B1D /* AppDelegate.swift */; };
		C5092242235CE3D4002C9B1D /* SceneDelegate.swift in Sources */ = {isa = PBXBuildFile; fileRef = C5092241235CE3D4002C9B1D /* SceneDelegate.swift */; };
		C5092244235CE3D4002C9B1D /* ViewController.swift in Sources */ = {isa = PBXBuildFile; fileRef = C5092243235CE3D4002C9B1D /* ViewController.swift */; };
		C5092247235CE3D4002C9B1D /* Main.storyboard in Resources */ = {isa = PBXBuildFile; fileRef = C5092245235CE3D4002C9B1D /* Main.storyboard */; };
		C5092249235CE3D9002C9B1D /* Assets.xcassets in Resources */ = {isa = PBXBuildFile; fileRef = C5092248235CE3D9002C9B1D /* Assets.xcassets */; };
		C509224C235CE3D9002C9B1D /* LaunchScreen.storyboard in Resources */ = {isa = PBXBuildFile; fileRef = C509224A235CE3D9002C9B1D /* LaunchScreen.storyboard */; };
		C50922542360E217002C9B1D /* Question.swift in Sources */ = {isa = PBXBuildFile; fileRef = C50922532360E217002C9B1D /* Question.swift */; };
		C586CBB623C3D1FD00F9FFAC /* GoToQuesionViewController.swift in Sources */ = {isa = PBXBuildFile; fileRef = C586CBB523C3D1FD00F9FFAC /* GoToQuesionViewController.swift */; };
		C5A95BB523B57BD000331F6E /* MyTableViewController.swift in Sources */ = {isa = PBXBuildFile; fileRef = C5A95BB423B57BD000331F6E /* MyTableViewController.swift */; };
		C5A95BB723B5819600331F6E /* AboutViewController.swift in Sources */ = {isa = PBXBuildFile; fileRef = C5A95BB623B5819600331F6E /* AboutViewController.swift */; };
		C5A95BC023B5B51F00331F6E /* HintPopUpViewController.swift in Sources */ = {isa = PBXBuildFile; fileRef = C5A95BBF23B5B51F00331F6E /* HintPopUpViewController.swift */; };
		C5C02B3623BFEA1900193629 /* QuestionRequest.swift in Sources */ = {isa = PBXBuildFile; fileRef = C5C02B3523BFEA1900193629 /* QuestionRequest.swift */; };
		C5C02B3823C12E3F00193629 /* AnswerViewController.swift in Sources */ = {isa = PBXBuildFile; fileRef = C5C02B3723C12E3F00193629 /* AnswerViewController.swift */; };
/* End PBXBuildFile section */

/* Begin PBXFileReference section */
		C509223C235CE3D4002C9B1D /* CppQuiz.app */ = {isa = PBXFileReference; explicitFileType = wrapper.application; includeInIndex = 0; path = CppQuiz.app; sourceTree = BUILT_PRODUCTS_DIR; };
		C509223F235CE3D4002C9B1D /* AppDelegate.swift */ = {isa = PBXFileReference; lastKnownFileType = sourcecode.swift; path = AppDelegate.swift; sourceTree = "<group>"; };
		C5092241235CE3D4002C9B1D /* SceneDelegate.swift */ = {isa = PBXFileReference; lastKnownFileType = sourcecode.swift; path = SceneDelegate.swift; sourceTree = "<group>"; };
		C5092243235CE3D4002C9B1D /* ViewController.swift */ = {isa = PBXFileReference; lastKnownFileType = sourcecode.swift; path = ViewController.swift; sourceTree = "<group>"; };
		C5092246235CE3D4002C9B1D /* Base */ = {isa = PBXFileReference; lastKnownFileType = file.storyboard; name = Base; path = Base.lproj/Main.storyboard; sourceTree = "<group>"; };
		C5092248235CE3D9002C9B1D /* Assets.xcassets */ = {isa = PBXFileReference; lastKnownFileType = folder.assetcatalog; path = Assets.xcassets; sourceTree = "<group>"; };
		C509224B235CE3D9002C9B1D /* Base */ = {isa = PBXFileReference; lastKnownFileType = file.storyboard; name = Base; path = Base.lproj/LaunchScreen.storyboard; sourceTree = "<group>"; };
		C509224D235CE3D9002C9B1D /* Info.plist */ = {isa = PBXFileReference; lastKnownFileType = text.plist.xml; path = Info.plist; sourceTree = "<group>"; };
		C50922532360E217002C9B1D /* Question.swift */ = {isa = PBXFileReference; lastKnownFileType = sourcecode.swift; path = Question.swift; sourceTree = "<group>"; };
		C586CBB523C3D1FD00F9FFAC /* GoToQuesionViewController.swift */ = {isa = PBXFileReference; lastKnownFileType = sourcecode.swift; path = GoToQuesionViewController.swift; sourceTree = "<group>"; };
		C5A95BB423B57BD000331F6E /* MyTableViewController.swift */ = {isa = PBXFileReference; lastKnownFileType = sourcecode.swift; path = MyTableViewController.swift; sourceTree = "<group>"; };
		C5A95BB623B5819600331F6E /* AboutViewController.swift */ = {isa = PBXFileReference; lastKnownFileType = sourcecode.swift; path = AboutViewController.swift; sourceTree = "<group>"; };
		C5A95BBF23B5B51F00331F6E /* HintPopUpViewController.swift */ = {isa = PBXFileReference; lastKnownFileType = sourcecode.swift; path = HintPopUpViewController.swift; sourceTree = "<group>"; };
		C5C02B3523BFEA1900193629 /* QuestionRequest.swift */ = {isa = PBXFileReference; lastKnownFileType = sourcecode.swift; path = QuestionRequest.swift; sourceTree = "<group>"; };
		C5C02B3723C12E3F00193629 /* AnswerViewController.swift */ = {isa = PBXFileReference; lastKnownFileType = sourcecode.swift; path = AnswerViewController.swift; sourceTree = "<group>"; };
/* End PBXFileReference section */

/* Begin PBXFrameworksBuildPhase section */
		C5092239235CE3D4002C9B1D /* Frameworks */ = {
			isa = PBXFrameworksBuildPhase;
			buildActionMask = 2147483647;
			files = (
			);
			runOnlyForDeploymentPostprocessing = 0;
		};
/* End PBXFrameworksBuildPhase section */

/* Begin PBXGroup section */
		C5092233235CE3D4002C9B1D = {
			isa = PBXGroup;
			children = (
				C509223E235CE3D4002C9B1D /* CppQuiz */,
				C509223D235CE3D4002C9B1D /* Products */,
			);
			sourceTree = "<group>";
		};
		C509223D235CE3D4002C9B1D /* Products */ = {
			isa = PBXGroup;
			children = (
				C509223C235CE3D4002C9B1D /* CppQuiz.app */,
			);
			name = Products;
			sourceTree = "<group>";
		};
		C509223E235CE3D4002C9B1D /* CppQuiz */ = {
			isa = PBXGroup;
			children = (
				C509223F235CE3D4002C9B1D /* AppDelegate.swift */,
				C5092241235CE3D4002C9B1D /* SceneDelegate.swift */,
				C5092243235CE3D4002C9B1D /* ViewController.swift */,
				C5C02B3523BFEA1900193629 /* QuestionRequest.swift */,
				C50922532360E217002C9B1D /* Question.swift */,
				C5A95BBC23B5936600331F6E /* ViewControllers */,
				C5092245235CE3D4002C9B1D /* Main.storyboard */,
				C5092248235CE3D9002C9B1D /* Assets.xcassets */,
				C509224A235CE3D9002C9B1D /* LaunchScreen.storyboard */,
				C509224D235CE3D9002C9B1D /* Info.plist */,
			);
			path = CppQuiz;
			sourceTree = "<group>";
		};
		C5A95BBC23B5936600331F6E /* ViewControllers */ = {
			isa = PBXGroup;
			children = (
				C586CBB523C3D1FD00F9FFAC /* GoToQuesionViewController.swift */,
				C5A95BB623B5819600331F6E /* AboutViewController.swift */,
				C5A95BB423B57BD000331F6E /* MyTableViewController.swift */,
				C5A95BBF23B5B51F00331F6E /* HintPopUpViewController.swift */,
				C5C02B3723C12E3F00193629 /* AnswerViewController.swift */,
			);
			path = ViewControllers;
			sourceTree = "<group>";
		};
/* End PBXGroup section */

/* Begin PBXNativeTarget section */
		C509223B235CE3D4002C9B1D /* CppQuiz */ = {
			isa = PBXNativeTarget;
			buildConfigurationList = C5092250235CE3D9002C9B1D /* Build configuration list for PBXNativeTarget "CppQuiz" */;
			buildPhases = (
				C5092238235CE3D4002C9B1D /* Sources */,
				C5092239235CE3D4002C9B1D /* Frameworks */,
				C509223A235CE3D4002C9B1D /* Resources */,
			);
			buildRules = (
			);
			dependencies = (
			);
			name = CppQuiz;
			productName = CppQuiz;
			productReference = C509223C235CE3D4002C9B1D /* CppQuiz.app */;
			productType = "com.apple.product-type.application";
		};
/* End PBXNativeTarget section */

/* Begin PBXProject section */
		C5092234235CE3D4002C9B1D /* Project object */ = {
			isa = PBXProject;
			attributes = {
				LastSwiftUpdateCheck = 1120;
				LastUpgradeCheck = 1120;
				ORGANIZATIONNAME = komarov;
				TargetAttributes = {
					C509223B235CE3D4002C9B1D = {
						CreatedOnToolsVersion = 11.2;
					};
				};
			};
			buildConfigurationList = C5092237235CE3D4002C9B1D /* Build configuration list for PBXProject "CppQuiz" */;
			compatibilityVersion = "Xcode 9.3";
			developmentRegion = en;
			hasScannedForEncodings = 0;
			knownRegions = (
				en,
				Base,
			);
			mainGroup = C5092233235CE3D4002C9B1D;
			productRefGroup = C509223D235CE3D4002C9B1D /* Products */;
			projectDirPath = "";
			projectRoot = "";
			targets = (
				C509223B235CE3D4002C9B1D /* CppQuiz */,
			);
		};
/* End PBXProject section */

/* Begin PBXResourcesBuildPhase section */
		C509223A235CE3D4002C9B1D /* Resources */ = {
			isa = PBXResourcesBuildPhase;
			buildActionMask = 2147483647;
			files = (
				C509224C235CE3D9002C9B1D /* LaunchScreen.storyboard in Resources */,
				C5092249235CE3D9002C9B1D /* Assets.xcassets in Resources */,
				C5092247235CE3D4002C9B1D /* Main.storyboard in Resources */,
			);
			runOnlyForDeploymentPostprocessing = 0;
		};
/* End PBXResourcesBuildPhase section */

/* Begin PBXSourcesBuildPhase section */
		C5092238235CE3D4002C9B1D /* Sources */ = {
			isa = PBXSourcesBuildPhase;
			buildActionMask = 2147483647;
			files = (
				C5092244235CE3D4002C9B1D /* ViewController.swift in Sources */,
				C5C02B3623BFEA1900193629 /* QuestionRequest.swift in Sources */,
				C50922542360E217002C9B1D /* Question.swift in Sources */,
				C5A95BB523B57BD000331F6E /* MyTableViewController.swift in Sources */,
				C5A95BB723B5819600331F6E /* AboutViewController.swift in Sources */,
				C5092240235CE3D4002C9B1D /* AppDelegate.swift in Sources */,
				C586CBB623C3D1FD00F9FFAC /* GoToQuesionViewController.swift in Sources */,
				C5092242235CE3D4002C9B1D /* SceneDelegate.swift in Sources */,
				C5A95BC023B5B51F00331F6E /* HintPopUpViewController.swift in Sources */,
				C5C02B3823C12E3F00193629 /* AnswerViewController.swift in Sources */,
			);
			runOnlyForDeploymentPostprocessing = 0;
		};
/* End PBXSourcesBuildPhase section */

/* Begin PBXVariantGroup section */
		C5092245235CE3D4002C9B1D /* Main.storyboard */ = {
			isa = PBXVariantGroup;
			children = (
				C5092246235CE3D4002C9B1D /* Base */,
			);
			name = Main.storyboard;
			sourceTree = "<group>";
		};
		C509224A235CE3D9002C9B1D /* LaunchScreen.storyboard */ = {
			isa = PBXVariantGroup;
			children = (
				C509224B235CE3D9002C9B1D /* Base */,
			);
			name = LaunchScreen.storyboard;
			sourceTree = "<group>";
		};
/* End PBXVariantGroup section */

/* Begin XCBuildConfiguration section */
		C509224E235CE3D9002C9B1D /* Debug */ = {
			isa = XCBuildConfiguration;
			buildSettings = {
				ALWAYS_SEARCH_USER_PATHS = NO;
				CLANG_ANALYZER_NONNULL = YES;
				CLANG_ANALYZER_NUMBER_OBJECT_CONVERSION = YES_AGGRESSIVE;
				CLANG_CXX_LANGUAGE_STANDARD = "gnu++14";
				CLANG_CXX_LIBRARY = "libc++";
				CLANG_ENABLE_MODULES = YES;
				CLANG_ENABLE_OBJC_ARC = YES;
				CLANG_ENABLE_OBJC_WEAK = YES;
				CLANG_WARN_BLOCK_CAPTURE_AUTORELEASING = YES;
				CLANG_WARN_BOOL_CONVERSION = YES;
				CLANG_WARN_COMMA = YES;
				CLANG_WARN_CONSTANT_CONVERSION = YES;
				CLANG_WARN_DEPRECATED_OBJC_IMPLEMENTATIONS = YES;
				CLANG_WARN_DIRECT_OBJC_ISA_USAGE = YES_ERROR;
				CLANG_WARN_DOCUMENTATION_COMMENTS = YES;
				CLANG_WARN_EMPTY_BODY = YES;
				CLANG_WARN_ENUM_CONVERSION = YES;
				CLANG_WARN_INFINITE_RECURSION = YES;
				CLANG_WARN_INT_CONVERSION = YES;
				CLANG_WARN_NON_LITERAL_NULL_CONVERSION = YES;
				CLANG_WARN_OBJC_IMPLICIT_RETAIN_SELF = YES;
				CLANG_WARN_OBJC_LITERAL_CONVERSION = YES;
				CLANG_WARN_OBJC_ROOT_CLASS = YES_ERROR;
				CLANG_WARN_RANGE_LOOP_ANALYSIS = YES;
				CLANG_WARN_STRICT_PROTOTYPES = YES;
				CLANG_WARN_SUSPICIOUS_MOVE = YES;
				CLANG_WARN_UNGUARDED_AVAILABILITY = YES_AGGRESSIVE;
				CLANG_WARN_UNREACHABLE_CODE = YES;
				CLANG_WARN__DUPLICATE_METHOD_MATCH = YES;
				COPY_PHASE_STRIP = NO;
				DEBUG_INFORMATION_FORMAT = dwarf;
				ENABLE_STRICT_OBJC_MSGSEND = YES;
				ENABLE_TESTABILITY = YES;
				GCC_C_LANGUAGE_STANDARD = gnu11;
				GCC_DYNAMIC_NO_PIC = NO;
				GCC_NO_COMMON_BLOCKS = YES;
				GCC_OPTIMIZATION_LEVEL = 0;
				GCC_PREPROCESSOR_DEFINITIONS = (
					"DEBUG=1",
					"$(inherited)",
				);
				GCC_WARN_64_TO_32_BIT_CONVERSION = YES;
				GCC_WARN_ABOUT_RETURN_TYPE = YES_ERROR;
				GCC_WARN_UNDECLARED_SELECTOR = YES;
				GCC_WARN_UNINITIALIZED_AUTOS = YES_AGGRESSIVE;
				GCC_WARN_UNUSED_FUNCTION = YES;
				GCC_WARN_UNUSED_VARIABLE = YES;
				IPHONEOS_DEPLOYMENT_TARGET = 13.2;
				MTL_ENABLE_DEBUG_INFO = INCLUDE_SOURCE;
				MTL_FAST_MATH = YES;
				ONLY_ACTIVE_ARCH = YES;
				SDKROOT = iphoneos;
				SWIFT_ACTIVE_COMPILATION_CONDITIONS = DEBUG;
				SWIFT_OPTIMIZATION_LEVEL = "-Onone";
			};
			name = Debug;
		};
		C509224F235CE3D9002C9B1D /* Release */ = {
			isa = XCBuildConfiguration;
			buildSettings = {
				ALWAYS_SEARCH_USER_PATHS = NO;
				CLANG_ANALYZER_NONNULL = YES;
				CLANG_ANALYZER_NUMBER_OBJECT_CONVERSION = YES_AGGRESSIVE;
				CLANG_CXX_LANGUAGE_STANDARD = "gnu++14";
				CLANG_CXX_LIBRARY = "libc++";
				CLANG_ENABLE_MODULES = YES;
				CLANG_ENABLE_OBJC_ARC = YES;
				CLANG_ENABLE_OBJC_WEAK = YES;
				CLANG_WARN_BLOCK_CAPTURE_AUTORELEASING = YES;
				CLANG_WARN_BOOL_CONVERSION = YES;
				CLANG_WARN_COMMA = YES;
				CLANG_WARN_CONSTANT_CONVERSION = YES;
				CLANG_WARN_DEPRECATED_OBJC_IMPLEMENTATIONS = YES;
				CLANG_WARN_DIRECT_OBJC_ISA_USAGE = YES_ERROR;
				CLANG_WARN_DOCUMENTATION_COMMENTS = YES;
				CLANG_WARN_EMPTY_BODY = YES;
				CLANG_WARN_ENUM_CONVERSION = YES;
				CLANG_WARN_INFINITE_RECURSION = YES;
				CLANG_WARN_INT_CONVERSION = YES;
				CLANG_WARN_NON_LITERAL_NULL_CONVERSION = YES;
				CLANG_WARN_OBJC_IMPLICIT_RETAIN_SELF = YES;
				CLANG_WARN_OBJC_LITERAL_CONVERSION = YES;
				CLANG_WARN_OBJC_ROOT_CLASS = YES_ERROR;
				CLANG_WARN_RANGE_LOOP_ANALYSIS = YES;
				CLANG_WARN_STRICT_PROTOTYPES = YES;
				CLANG_WARN_SUSPICIOUS_MOVE = YES;
				CLANG_WARN_UNGUARDED_AVAILABILITY = YES_AGGRESSIVE;
				CLANG_WARN_UNREACHABLE_CODE = YES;
				CLANG_WARN__DUPLICATE_METHOD_MATCH = YES;
				COPY_PHASE_STRIP = NO;
				DEBUG_INFORMATION_FORMAT = "dwarf-with-dsym";
				ENABLE_NS_ASSERTIONS = NO;
				ENABLE_STRICT_OBJC_MSGSEND = YES;
				GCC_C_LANGUAGE_STANDARD = gnu11;
				GCC_NO_COMMON_BLOCKS = YES;
				GCC_WARN_64_TO_32_BIT_CONVERSION = YES;
				GCC_WARN_ABOUT_RETURN_TYPE = YES_ERROR;
				GCC_WARN_UNDECLARED_SELECTOR = YES;
				GCC_WARN_UNINITIALIZED_AUTOS = YES_AGGRESSIVE;
				GCC_WARN_UNUSED_FUNCTION = YES;
				GCC_WARN_UNUSED_VARIABLE = YES;
				IPHONEOS_DEPLOYMENT_TARGET = 13.2;
				MTL_ENABLE_DEBUG_INFO = NO;
				MTL_FAST_MATH = YES;
				SDKROOT = iphoneos;
				SWIFT_COMPILATION_MODE = wholemodule;
				SWIFT_OPTIMIZATION_LEVEL = "-O";
				VALIDATE_PRODUCT = YES;
			};
			name = Release;
		};
		C5092251235CE3D9002C9B1D /* Debug */ = {
			isa = XCBuildConfiguration;
			buildSettings = {
				ASSETCATALOG_COMPILER_APPICON_NAME = AppIcon;
				CODE_SIGN_STYLE = Automatic;
				DEVELOPMENT_TEAM = 52TSGWFG39;
				INFOPLIST_FILE = CppQuiz/Info.plist;
				IPHONEOS_DEPLOYMENT_TARGET = 11.0;
				LD_RUNPATH_SEARCH_PATHS = (
					"$(inherited)",
					"@executable_path/Frameworks",
				);
				PRODUCT_BUNDLE_IDENTIFIER = neerc.ifmo.ru.242178.CppQuiz;
				PRODUCT_NAME = "$(TARGET_NAME)";
				SWIFT_VERSION = 5.0;
				TARGETED_DEVICE_FAMILY = "1,2";
			};
			name = Debug;
		};
		C5092252235CE3D9002C9B1D /* Release */ = {
			isa = XCBuildConfiguration;
			buildSettings = {
				ASSETCATALOG_COMPILER_APPICON_NAME = AppIcon;
				CODE_SIGN_STYLE = Automatic;
				DEVELOPMENT_TEAM = 52TSGWFG39;
				INFOPLIST_FILE = CppQuiz/Info.plist;
				IPHONEOS_DEPLOYMENT_TARGET = 11.0;
				LD_RUNPATH_SEARCH_PATHS = (
					"$(inherited)",
					"@executable_path/Frameworks",
				);
				PRODUCT_BUNDLE_IDENTIFIER = neerc.ifmo.ru.242178.CppQuiz;
				PRODUCT_NAME = "$(TARGET_NAME)";
				SWIFT_VERSION = 5.0;
				TARGETED_DEVICE_FAMILY = "1,2";
			};
			name = Release;
		};
/* End XCBuildConfiguration section */

/* Begin XCConfigurationList section */
		C5092237235CE3D4002C9B1D /* Build configuration list for PBXProject "CppQuiz" */ = {
			isa = XCConfigurationList;
			buildConfigurations = (
				C509224E235CE3D9002C9B1D /* Debug */,
				C509224F235CE3D9002C9B1D /* Release */,
			);
			defaultConfigurationIsVisible = 0;
			defaultConfigurationName = Release;
		};
		C5092250235CE3D9002C9B1D /* Build configuration list for PBXNativeTarget "CppQuiz" */ = {
			isa = XCConfigurationList;
			buildConfigurations = (
				C5092251235CE3D9002C9B1D /* Debug */,
				C5092252235CE3D9002C9B1D /* Release */,
			);
			defaultConfigurationIsVisible = 0;
			defaultConfigurationName = Release;
		};
/* End XCConfigurationList section */
	};
	rootObject = C5092234235CE3D4002C9B1D /* Project object */;
}
